Microsoft Visual Studio Solution File, Format Version 12.00
# Visual Studio Version 17
VisualStudioVersion = 17.0.31903.59
MinimumVisualStudioVersion = 10.0.40219.1
Project("{FAE04EC0-301F-11D3-BF4B-00C04F79EFBC}") = "GhProjectsBoards.App", "src\GhProjectsBoards.App\GhProjectsBoards.App.csproj", "{19547C5C-32E3-4678-89ED-D8777BA69702}"
EndProject
Project("{FAE04EC0-301F-11D3-BF4B-00C04F79EFBC}") = "GhProjectsBoards.Core", "src\GhProjectsBoards.Core\GhProjectsBoards.Core.csproj", "{81386D36-817B-4B6C-9B63-8A050FB59A33}"
EndProject
Project("{FAE04EC0-301F-11D3-BF4B-00C04F79EFBC}") = "GhProjectsBoards.Tests", "tests\GhProjectsBoards.Tests\GhProjectsBoards.Tests.csproj", "{5C011BDA-E651-4E2F-B152-BDEE810CDF01}"
EndProject
Project("{FAE04EC0-301F-11D3-BF4B-00C04F79EFBC}") = "GhProjectsBoards.E2E.Tests", "tests\GhProjectsBoards.E2E.Tests\GhProjectsBoards.E2E.Tests.csproj", "{783849AF-223B-4D1D-994C-837A23B4549B}"
EndProject
Project("{FAE04EC0-301F-11D3-BF4B-00C04F79EFBC}") = "GhProjectsBoards.UiIntegration.Tests", "tests\GhProjectsBoards.UiIntegration.Tests\GhProjectsBoards.UiIntegration.Tests.csproj", "{8E71EF46-9465-46DD-9831-B85E3E8972D9}"
EndProject
Global
	GlobalSection(SolutionConfigurationPlatforms) = preSolution
		Debug|Any CPU = Debug|Any CPU
		Debug|x64 = Debug|x64
		Release|Any CPU = Release|Any CPU
		Release|x64 = Release|x64
	EndGlobalSection
	GlobalSection(ProjectConfigurationPlatforms) = postSolution
		{19547C5C-32E3-4678-89ED-D8777BA69702}.Debug|Any CPU.ActiveCfg = Debug|Any CPU
		{19547C5C-32E3-4678-89ED-D8777BA69702}.Debug|Any CPU.Build.0 = Debug|Any CPU
		{19547C5C-32E3-4678-89ED-D8777BA69702}.Debug|x64.ActiveCfg = Debug|Any CPU
		{19547C5C-32E3-4678-89ED-D8777BA69702}.Debug|x64.Build.0 = Debug|Any CPU
		{19547C5C-32E3-4678-89ED-D8777BA69702}.Release|Any CPU.ActiveCfg = Release|Any CPU
		{19547C5C-32E3-4678-89ED-D8777BA69702}.Release|Any CPU.Build.0 = Release|Any CPU
		{19547C5C-32E3-4678-89ED-D8777BA69702}.Release|x64.ActiveCfg = Release|Any CPU
		{19547C5C-32E3-4678-89ED-D8777BA69702}.Release|x64.Build.0 = Release|Any CPU
		{81386D36-817B-4B6C-9B63-8A050FB59A33}.Debug|Any CPU.ActiveCfg = Debug|Any CPU
		{81386D36-817B-4B6C-9B63-8A050FB59A33}.Debug|Any CPU.Build.0 = Debug|Any CPU
		{81386D36-817B-4B6C-9B63-8A050FB59A33}.Debug|x64.ActiveCfg = Debug|Any CPU
		{81386D36-817B-4B6C-9B63-8A050FB59A33}.Debug|x64.Build.0 = Debug|Any CPU
		{81386D36-817B-4B6C-9B63-8A050FB59A33}.Release|Any CPU.ActiveCfg = Release|Any CPU
		{81386D36-817B-4B6C-9B63-8A050FB59A33}.Release|Any CPU.Build.0 = Release|Any CPU
		{81386D36-817B-4B6C-9B63-8A050FB59A33}.Release|x64.ActiveCfg = Release|Any CPU
		{81386D36-817B-4B6C-9B63-8A050FB59A33}.Release|x64.Build.0 = Release|Any CPU
		{5C011BDA-E651-4E2F-B152-BDEE810CDF01}.Debug|Any CPU.ActiveCfg = Debug|Any CPU
		{5C011BDA-E651-4E2F-B152-BDEE810CDF01}.Debug|Any CPU.Build.0 = Debug|Any CPU
		{5C011BDA-E651-4E2F-B152-BDEE810CDF01}.Debug|x64.ActiveCfg = Debug|Any CPU
		{5C011BDA-E651-4E2F-B152-BDEE810CDF01}.Debug|x64.Build.0 = Debug|Any CPU
		{5C011BDA-E651-4E2F-B152-BDEE810CDF01}.Release|Any CPU.ActiveCfg = Release|Any CPU
		{5C011BDA-E651-4E2F-B152-BDEE810CDF01}.Release|Any CPU.Build.0 = Release|Any CPU
		{5C011BDA-E651-4E2F-B152-BDEE810CDF01}.Release|x64.ActiveCfg = Release|Any CPU
		{5C011BDA-E651-4E2F-B152-BDEE810CDF01}.Release|x64.Build.0 = Release|Any CPU
		{783849AF-223B-4D1D-994C-837A23B4549B}.Debug|Any CPU.ActiveCfg = Debug|Any CPU
		{783849AF-223B-4D1D-994C-837A23B4549B}.Debug|Any CPU.Build.0 = Debug|Any CPU
		{783849AF-223B-4D1D-994C-837A23B4549B}.Debug|x64.ActiveCfg = Debug|Any CPU
		{783849AF-223B-4D1D-994C-837A23B4549B}.Debug|x64.Build.0 = Debug|Any CPU
		{783849AF-223B-4D1D-994C-837A23B4549B}.Release|Any CPU.ActiveCfg = Release|Any CPU
		{783849AF-223B-4D1D-994C-837A23B4549B}.Release|Any CPU.Build.0 = Release|Any CPU
		{783849AF-223B-4D1D-994C-837A23B4549B}.Release|x64.ActiveCfg = Release|Any CPU
		{783849AF-223B-4D1D-994C-837A23B4549B}.Release|x64.Build.0 = Release|Any CPU
		{8E71EF46-9465-46DD-9831-B85E3E8972D9}.Debug|Any CPU.ActiveCfg = Debug|Any CPU
		{8E71EF46-9465-46DD-9831-B85E3E8972D9}.Debug|Any CPU.Build.0 = Debug|Any CPU
		{8E71EF46-9465-46DD-9831-B85E3E8972D9}.Debug|x64.ActiveCfg = Debug|Any CPU
		{8E71EF46-9465-46DD-9831-B85E3E8972D9}.Debug|x64.Build.0 = Debug|Any CPU
		{8E71EF46-9465-46DD-9831-B85E3E8972D9}.Release|Any CPU.ActiveCfg = Release|Any CPU
		{8E71EF46-9465-46DD-9831-B85E3E8972D9}.Release|Any CPU.Build.0 = Release|Any CPU
		{8E71EF46-9465-46DD-9831-B85E3E8972D9}.Release|x64.ActiveCfg = Release|Any CPU
		{8E71EF46-9465-46DD-9831-B85E3E8972D9}.Release|x64.Build.0 = Release|Any CPU
	EndGlobalSection
EndGlobal
